// !$*UTF8*$!
{
	archiveVersion = 1;
	classes = {
	};
	objectVersion = 55;
	objects = {

/* Begin PBXBuildFile section */
		EA22E6A12703000B003DD427 /* LearningApp.swift in Sources */ = {isa = PBXBuildFile; fileRef = EA22E6A02703000B003DD427 /* LearningApp.swift */; };
		EA22E6A32703000B003DD427 /* HomeView.swift in Sources */ = {isa = PBXBuildFile; fileRef = EA22E6A22703000B003DD427 /* HomeView.swift */; };
		EA22E6A52703000F003DD427 /* Assets.xcassets in Resources */ = {isa = PBXBuildFile; fileRef = EA22E6A42703000F003DD427 /* Assets.xcassets */; };
		EA22E6A82703000F003DD427 /* Preview Assets.xcassets in Resources */ = {isa = PBXBuildFile; fileRef = EA22E6A72703000F003DD427 /* Preview Assets.xcassets */; };
		EA22E6B4270300A3003DD427 /* ContentModel.swift in Sources */ = {isa = PBXBuildFile; fileRef = EA22E6B3270300A3003DD427 /* ContentModel.swift */; };
		EA22E6B627084255003DD427 /* data.json in Resources */ = {isa = PBXBuildFile; fileRef = EA22E6B527084255003DD427 /* data.json */; };
		EA22E6B827084277003DD427 /* style.html in Resources */ = {isa = PBXBuildFile; fileRef = EA22E6B727084277003DD427 /* style.html */; };
		EA22E6BA270843E6003DD427 /* Models.swift in Sources */ = {isa = PBXBuildFile; fileRef = EA22E6B9270843E6003DD427 /* Models.swift */; };
		EA22E6BC270ED555003DD427 /* HomeViewRow.swift in Sources */ = {isa = PBXBuildFile; fileRef = EA22E6BB270ED555003DD427 /* HomeViewRow.swift */; };
		EAA4F70527141D02005DDEBD /* CodeTextView.swift in Sources */ = {isa = PBXBuildFile; fileRef = EAA4F70427141D02005DDEBD /* CodeTextView.swift */; };
		EAB4492027102BEA0061A14E /* ContentView.swift in Sources */ = {isa = PBXBuildFile; fileRef = EAB4491F27102BEA0061A14E /* ContentView.swift */; };
		EAB449222710C66F0061A14E /* ContentViewRow.swift in Sources */ = {isa = PBXBuildFile; fileRef = EAB449212710C66F0061A14E /* ContentViewRow.swift */; };
		EAB449242710F41B0061A14E /* ContentDetailView.swift in Sources */ = {isa = PBXBuildFile; fileRef = EAB449232710F41B0061A14E /* ContentDetailView.swift */; };
		EAB449272710F6C10061A14E /* AVKit.framework in Frameworks */ = {isa = PBXBuildFile; fileRef = EAB449262710F6C10061A14E /* AVKit.framework */; };
		EAB449292710F8180061A14E /* Constants.swift in Sources */ = {isa = PBXBuildFile; fileRef = EAB449282710F8180061A14E /* Constants.swift */; };
/* End PBXBuildFile section */

/* Begin PBXFileReference section */
		EA22E69D2703000B003DD427 /* LearningApp.app */ = {isa = PBXFileReference; explicitFileType = wrapper.application; includeInIndex = 0; path = LearningApp.app; sourceTree = BUILT_PRODUCTS_DIR; };
		EA22E6A02703000B003DD427 /* LearningApp.swift */ = {isa = PBXFileReference; lastKnownFileType = sourcecode.swift; path = LearningApp.swift; sourceTree = "<group>"; };
		EA22E6A22703000B003DD427 /* HomeView.swift */ = {isa = PBXFileReference; lastKnownFileType = sourcecode.swift; path = HomeView.swift; sourceTree = "<group>"; };
		EA22E6A42703000F003DD427 /* Assets.xcassets */ = {isa = PBXFileReference; lastKnownFileType = folder.assetcatalog; path = Assets.xcassets; sourceTree = "<group>"; };
		EA22E6A72703000F003DD427 /* Preview Assets.xcassets */ = {isa = PBXFileReference; lastKnownFileType = folder.assetcatalog; path = "Preview Assets.xcassets"; sourceTree = "<group>"; };
		EA22E6B3270300A3003DD427 /* ContentModel.swift */ = {isa = PBXFileReference; lastKnownFileType = sourcecode.swift; path = ContentModel.swift; sourceTree = "<group>"; };
		EA22E6B527084255003DD427 /* data.json */ = {isa = PBXFileReference; fileEncoding = 4; lastKnownFileType = text.json; path = data.json; sourceTree = "<group>"; };
		EA22E6B727084277003DD427 /* style.html */ = {isa = PBXFileReference; fileEncoding = 4; lastKnownFileType = text.html; path = style.html; sourceTree = "<group>"; };
		EA22E6B9270843E6003DD427 /* Models.swift */ = {isa = PBXFileReference; lastKnownFileType = sourcecode.swift; path = Models.swift; sourceTree = "<group>"; };
		EA22E6BB270ED555003DD427 /* HomeViewRow.swift */ = {isa = PBXFileReference; lastKnownFileType = sourcecode.swift; path = HomeViewRow.swift; sourceTree = "<group>"; };
		EAA4F70427141D02005DDEBD /* CodeTextView.swift */ = {isa = PBXFileReference; lastKnownFileType = sourcecode.swift; path = CodeTextView.swift; sourceTree = "<group>"; };
		EAB4491F27102BEA0061A14E /* ContentView.swift */ = {isa = PBXFileReference; lastKnownFileType = sourcecode.swift; path = ContentView.swift; sourceTree = "<group>"; };
		EAB449212710C66F0061A14E /* ContentViewRow.swift */ = {isa = PBXFileReference; lastKnownFileType = sourcecode.swift; path = ContentViewRow.swift; sourceTree = "<group>"; };
		EAB449232710F41B0061A14E /* ContentDetailView.swift */ = {isa = PBXFileReference; lastKnownFileType = sourcecode.swift; path = ContentDetailView.swift; sourceTree = "<group>"; };
		EAB449262710F6C10061A14E /* AVKit.framework */ = {isa = PBXFileReference; lastKnownFileType = wrapper.framework; name = AVKit.framework; path = System/Library/Frameworks/AVKit.framework; sourceTree = SDKROOT; };
		EAB449282710F8180061A14E /* Constants.swift */ = {isa = PBXFileReference; lastKnownFileType = sourcecode.swift; path = Constants.swift; sourceTree = "<group>"; };
/* End PBXFileReference section */

/* Begin PBXFrameworksBuildPhase section */
		EA22E69A2703000B003DD427 /* Frameworks */ = {
			isa = PBXFrameworksBuildPhase;
			buildActionMask = 2147483647;
			files = (
				EAB449272710F6C10061A14E /* AVKit.framework in Frameworks */,
			);
			runOnlyForDeploymentPostprocessing = 0;
		};
/* End PBXFrameworksBuildPhase section */

/* Begin PBXGroup section */
		EA22E6942703000B003DD427 = {
			isa = PBXGroup;
			children = (
				EA22E69F2703000B003DD427 /* LearningApp */,
				EA22E69E2703000B003DD427 /* Products */,
				EAB449252710F6C10061A14E /* Frameworks */,
			);
			sourceTree = "<group>";
		};
		EA22E69E2703000B003DD427 /* Products */ = {
			isa = PBXGroup;
			children = (
				EA22E69D2703000B003DD427 /* LearningApp.app */,
			);
			name = Products;
			sourceTree = "<group>";
		};
		EA22E69F2703000B003DD427 /* LearningApp */ = {
			isa = PBXGroup;
			children = (
				EA22E6A02703000B003DD427 /* LearningApp.swift */,
				EA22E6AE27030049003DD427 /* Views */,
				EA22E6B027030062003DD427 /* ViewModels */,
				EA22E6B12703006C003DD427 /* Models */,
				EA22E6B227030076003DD427 /* Helpers */,
				EA22E6AF2703004F003DD427 /* Resources */,
				EA22E6A42703000F003DD427 /* Assets.xcassets */,
				EA22E6A62703000F003DD427 /* Preview Content */,
			);
			path = LearningApp;
			sourceTree = "<group>";
		};
		EA22E6A62703000F003DD427 /* Preview Content */ = {
			isa = PBXGroup;
			children = (
				EA22E6A72703000F003DD427 /* Preview Assets.xcassets */,
			);
			path = "Preview Content";
			sourceTree = "<group>";
		};
		EA22E6AE27030049003DD427 /* Views */ = {
			isa = PBXGroup;
			children = (
				EA22E6A22703000B003DD427 /* HomeView.swift */,
				EAA4F70427141D02005DDEBD /* CodeTextView.swift */,
				EA22E6BB270ED555003DD427 /* HomeViewRow.swift */,
				EAB4491F27102BEA0061A14E /* ContentView.swift */,
				EAB449212710C66F0061A14E /* ContentViewRow.swift */,
				EAB449232710F41B0061A14E /* ContentDetailView.swift */,
			);
			path = Views;
			sourceTree = "<group>";
		};
		EA22E6AF2703004F003DD427 /* Resources */ = {
			isa = PBXGroup;
			children = (
				EA22E6B727084277003DD427 /* style.html */,
				EA22E6B527084255003DD427 /* data.json */,
				EAB449282710F8180061A14E /* Constants.swift */,
			);
			path = Resources;
			sourceTree = "<group>";
		};
		EA22E6B027030062003DD427 /* ViewModels */ = {
			isa = PBXGroup;
			children = (
				EA22E6B3270300A3003DD427 /* ContentModel.swift */,
			);
			path = ViewModels;
			sourceTree = "<group>";
		};
		EA22E6B12703006C003DD427 /* Models */ = {
			isa = PBXGroup;
			children = (
				EA22E6B9270843E6003DD427 /* Models.swift */,
			);
			path = Models;
			sourceTree = "<group>";
		};
		EA22E6B227030076003DD427 /* Helpers */ = {
			isa = PBXGroup;
			children = (
			);
			path = Helpers;
			sourceTree = "<group>";
		};
		EAB449252710F6C10061A14E /* Frameworks */ = {
			isa = PBXGroup;
			children = (
				EAB449262710F6C10061A14E /* AVKit.framework */,
			);
			name = Frameworks;
			sourceTree = "<group>";
		};
/* End PBXGroup section */

/* Begin PBXNativeTarget section */
		EA22E69C2703000B003DD427 /* LearningApp */ = {
			isa = PBXNativeTarget;
			buildConfigurationList = EA22E6AB2703000F003DD427 /* Build configuration list for PBXNativeTarget "LearningApp" */;
			buildPhases = (
				EA22E6992703000B003DD427 /* Sources */,
				EA22E69A2703000B003DD427 /* Frameworks */,
				EA22E69B2703000B003DD427 /* Resources */,
			);
			buildRules = (
			);
			dependencies = (
			);
			name = LearningApp;
			productName = LearningApp;
			productReference = EA22E69D2703000B003DD427 /* LearningApp.app */;
			productType = "com.apple.product-type.application";
		};
/* End PBXNativeTarget section */

/* Begin PBXProject section */
		EA22E6952703000B003DD427 /* Project object */ = {
			isa = PBXProject;
			attributes = {
				BuildIndependentTargetsInParallel = 1;
				LastSwiftUpdateCheck = 1300;
				LastUpgradeCheck = 1300;
				TargetAttributes = {
					EA22E69C2703000B003DD427 = {
						CreatedOnToolsVersion = 13.0;
					};
				};
			};
			buildConfigurationList = EA22E6982703000B003DD427 /* Build configuration list for PBXProject "LearningApp" */;
			compatibilityVersion = "Xcode 13.0";
			developmentRegion = en;
			hasScannedForEncodings = 0;
			knownRegions = (
				en,
				Base,
			);
			mainGroup = EA22E6942703000B003DD427;
			productRefGroup = EA22E69E2703000B003DD427 /* Products */;
			projectDirPath = "";
			projectRoot = "";
			targets = (
				EA22E69C2703000B003DD427 /* LearningApp */,
			);
		};
/* End PBXProject section */

/* Begin PBXResourcesBuildPhase section */
		EA22E69B2703000B003DD427 /* Resources */ = {
			isa = PBXResourcesBuildPhase;
			buildActionMask = 2147483647;
			files = (
				EA22E6A82703000F003DD427 /* Preview Assets.xcassets in Resources */,
				EA22E6B627084255003DD427 /* data.json in Resources */,
				EA22E6B827084277003DD427 /* style.html in Resources */,
				EA22E6A52703000F003DD427 /* Assets.xcassets in Resources */,
			);
			runOnlyForDeploymentPostprocessing = 0;
		};
/* End PBXResourcesBuildPhase section */

/* Begin PBXSourcesBuildPhase section */
		EA22E6992703000B003DD427 /* Sources */ = {
			isa = PBXSourcesBuildPhase;
			buildActionMask = 2147483647;
			files = (
				EA22E6A32703000B003DD427 /* HomeView.swift in Sources */,
				EA22E6BC270ED555003DD427 /* HomeViewRow.swift in Sources */,
				EAB4492027102BEA0061A14E /* ContentView.swift in Sources */,
				EAB449242710F41B0061A14E /* ContentDetailView.swift in Sources */,
				EA22E6A12703000B003DD427 /* LearningApp.swift in Sources */,
				EAB449222710C66F0061A14E /* ContentViewRow.swift in Sources */,
				EAA4F70527141D02005DDEBD /* CodeTextView.swift in Sources */,
				EA22E6B4270300A3003DD427 /* ContentModel.swift in Sources */,
				EA22E6BA270843E6003DD427 /* Models.swift in Sources */,
				EAB449292710F8180061A14E /* Constants.swift in Sources */,
			);
			runOnlyForDeploymentPostprocessing = 0;
		};
/* End PBXSourcesBuildPhase section */

/* Begin XCBuildConfiguration section */
		EA22E6A92703000F003DD427 /* Debug */ = {
			isa = XCBuildConfiguration;
			buildSettings = {
				ALWAYS_SEARCH_USER_PATHS = NO;
				CLANG_ANALYZER_NONNULL = YES;
				CLANG_ANALYZER_NUMBER_OBJECT_CONVERSION = YES_AGGRESSIVE;
				CLANG_CXX_LANGUAGE_STANDARD = "gnu++17";
				CLANG_CXX_LIBRARY = "libc++";
				CLANG_ENABLE_MODULES = YES;
				CLANG_ENABLE_OBJC_ARC = YES;
				CLANG_ENABLE_OBJC_WEAK = YES;
				CLANG_WARN_BLOCK_CAPTURE_AUTORELEASING = YES;
				CLANG_WARN_BOOL_CONVERSION = YES;
				CLANG_WARN_COMMA = YES;
				CLANG_WARN_CONSTANT_CONVERSION = YES;
				CLANG_WARN_DEPRECATED_OBJC_IMPLEMENTATIONS = YES;
				CLANG_WARN_DIRECT_OBJC_ISA_USAGE = YES_ERROR;
				CLANG_WARN_DOCUMENTATION_COMMENTS = YES;
				CLANG_WARN_EMPTY_BODY = YES;
				CLANG_WARN_ENUM_CONVERSION = YES;
				CLANG_WARN_INFINITE_RECURSION = YES;
				CLANG_WARN_INT_CONVERSION = YES;
				CLANG_WARN_NON_LITERAL_NULL_CONVERSION = YES;
				CLANG_WARN_OBJC_IMPLICIT_RETAIN_SELF = YES;
				CLANG_WARN_OBJC_LITERAL_CONVERSION = YES;
				CLANG_WARN_OBJC_ROOT_CLASS = YES_ERROR;
				CLANG_WARN_QUOTED_INCLUDE_IN_FRAMEWORK_HEADER = YES;
				CLANG_WARN_RANGE_LOOP_ANALYSIS = YES;
				CLANG_WARN_STRICT_PROTOTYPES = YES;
				CLANG_WARN_SUSPICIOUS_MOVE = YES;
				CLANG_WARN_UNGUARDED_AVAILABILITY = YES_AGGRESSIVE;
				CLANG_WARN_UNREACHABLE_CODE = YES;
				CLANG_WARN__DUPLICATE_METHOD_MATCH = YES;
				COPY_PHASE_STRIP = NO;
				DEBUG_INFORMATION_FORMAT = dwarf;
				ENABLE_STRICT_OBJC_MSGSEND = YES;
				ENABLE_TESTABILITY = YES;
				GCC_C_LANGUAGE_STANDARD = gnu11;
				GCC_DYNAMIC_NO_PIC = NO;
				GCC_NO_COMMON_BLOCKS = YES;
				GCC_OPTIMIZATION_LEVEL = 0;
				GCC_PREPROCESSOR_DEFINITIONS = (
					"DEBUG=1",
					"$(inherited)",
				);
				GCC_WARN_64_TO_32_BIT_CONVERSION = YES;
				GCC_WARN_ABOUT_RETURN_TYPE = YES_ERROR;
				GCC_WARN_UNDECLARED_SELECTOR = YES;
				GCC_WARN_UNINITIALIZED_AUTOS = YES_AGGRESSIVE;
				GCC_WARN_UNUSED_FUNCTION = YES;
				GCC_WARN_UNUSED_VARIABLE = YES;
				IPHONEOS_DEPLOYMENT_TARGET = 15.0;
				MTL_ENABLE_DEBUG_INFO = INCLUDE_SOURCE;
				MTL_FAST_MATH = YES;
				ONLY_ACTIVE_ARCH = YES;
				SDKROOT = iphoneos;
				SWIFT_ACTIVE_COMPILATION_CONDITIONS = DEBUG;
				SWIFT_OPTIMIZATION_LEVEL = "-Onone";
			};
			name = Debug;
		};
		EA22E6AA2703000F003DD427 /* Release */ = {
			isa = XCBuildConfiguration;
			buildSettings = {
				ALWAYS_SEARCH_USER_PATHS = NO;
				CLANG_ANALYZER_NONNULL = YES;
				CLANG_ANALYZER_NUMBER_OBJECT_CONVERSION = YES_AGGRESSIVE;
				CLANG_CXX_LANGUAGE_STANDARD = "gnu++17";
				CLANG_CXX_LIBRARY = "libc++";
				CLANG_ENABLE_MODULES = YES;
				CLANG_ENABLE_OBJC_ARC = YES;
				CLANG_ENABLE_OBJC_WEAK = YES;
				CLANG_WARN_BLOCK_CAPTURE_AUTORELEASING = YES;
				CLANG_WARN_BOOL_CONVERSION = YES;
				CLANG_WARN_COMMA = YES;
				CLANG_WARN_CONSTANT_CONVERSION = YES;
				CLANG_WARN_DEPRECATED_OBJC_IMPLEMENTATIONS = YES;
				CLANG_WARN_DIRECT_OBJC_ISA_USAGE = YES_ERROR;
				CLANG_WARN_DOCUMENTATION_COMMENTS = YES;
				CLANG_WARN_EMPTY_BODY = YES;
				CLANG_WARN_ENUM_CONVERSION = YES;
				CLANG_WARN_INFINITE_RECURSION = YES;
				CLANG_WARN_INT_CONVERSION = YES;
				CLANG_WARN_NON_LITERAL_NULL_CONVERSION = YES;
				CLANG_WARN_OBJC_IMPLICIT_RETAIN_SELF = YES;
				CLANG_WARN_OBJC_LITERAL_CONVERSION = YES;
				CLANG_WARN_OBJC_ROOT_CLASS = YES_ERROR;
				CLANG_WARN_QUOTED_INCLUDE_IN_FRAMEWORK_HEADER = YES;
				CLANG_WARN_RANGE_LOOP_ANALYSIS = YES;
				CLANG_WARN_STRICT_PROTOTYPES = YES;
				CLANG_WARN_SUSPICIOUS_MOVE = YES;
				CLANG_WARN_UNGUARDED_AVAILABILITY = YES_AGGRESSIVE;
				CLANG_WARN_UNREACHABLE_CODE = YES;
				CLANG_WARN__DUPLICATE_METHOD_MATCH = YES;
				COPY_PHASE_STRIP = NO;
				DEBUG_INFORMATION_FORMAT = "dwarf-with-dsym";
				ENABLE_NS_ASSERTIONS = NO;
				ENABLE_STRICT_OBJC_MSGSEND = YES;
				GCC_C_LANGUAGE_STANDARD = gnu11;
				GCC_NO_COMMON_BLOCKS = YES;
				GCC_WARN_64_TO_32_BIT_CONVERSION = YES;
				GCC_WARN_ABOUT_RETURN_TYPE = YES_ERROR;
				GCC_WARN_UNDECLARED_SELECTOR = YES;
				GCC_WARN_UNINITIALIZED_AUTOS = YES_AGGRESSIVE;
				GCC_WARN_UNUSED_FUNCTION = YES;
				GCC_WARN_UNUSED_VARIABLE = YES;
				IPHONEOS_DEPLOYMENT_TARGET = 15.0;
				MTL_ENABLE_DEBUG_INFO = NO;
				MTL_FAST_MATH = YES;
				SDKROOT = iphoneos;
				SWIFT_COMPILATION_MODE = wholemodule;
				SWIFT_OPTIMIZATION_LEVEL = "-O";
				VALIDATE_PRODUCT = YES;
			};
			name = Release;
		};
		EA22E6AC2703000F003DD427 /* Debug */ = {
			isa = XCBuildConfiguration;
			buildSettings = {
				ASSETCATALOG_COMPILER_APPICON_NAME = AppIcon;
				ASSETCATALOG_COMPILER_GLOBAL_ACCENT_COLOR_NAME = AccentColor;
				CODE_SIGN_STYLE = Automatic;
				CURRENT_PROJECT_VERSION = 1;
				DEVELOPMENT_ASSET_PATHS = "\"LearningApp/Preview Content\"";
				DEVELOPMENT_TEAM = LJ3PA933XM;
				ENABLE_PREVIEWS = YES;
				GENERATE_INFOPLIST_FILE = YES;
				INFOPLIST_KEY_UIApplicationSceneManifest_Generation = YES;
				INFOPLIST_KEY_UIApplicationSupportsIndirectInputEvents = YES;
				INFOPLIST_KEY_UILaunchScreen_Generation = YES;
				INFOPLIST_KEY_UISupportedInterfaceOrientations_iPad = "UIInterfaceOrientationPortrait UIInterfaceOrientationPortraitUpsideDown UIInterfaceOrientationLandscapeLeft UIInterfaceOrientationLandscapeRight";
				INFOPLIST_KEY_UISupportedInterfaceOrientations_iPhone = "UIInterfaceOrientationPortrait UIInterfaceOrientationLandscapeLeft UIInterfaceOrientationLandscapeRight";
				IPHONEOS_DEPLOYMENT_TARGET = 14.0;
				LD_RUNPATH_SEARCH_PATHS = (
					"$(inherited)",
					"@executable_path/Frameworks",
				);
				MARKETING_VERSION = 1.0;
				PRODUCT_BUNDLE_IDENTIFIER = com.lawrencearcher.LearningApp;
				PRODUCT_NAME = "$(TARGET_NAME)";
				SWIFT_EMIT_LOC_STRINGS = YES;
				SWIFT_VERSION = 5.0;
				TARGETED_DEVICE_FAMILY = "1,2";
			};
			name = Debug;
		};
		EA22E6AD2703000F003DD427 /* Release */ = {
			isa = XCBuildConfiguration;
			buildSettings = {
				ASSETCATALOG_COMPILER_APPICON_NAME = AppIcon;
				ASSETCATALOG_COMPILER_GLOBAL_ACCENT_COLOR_NAME = AccentColor;
				CODE_SIGN_STYLE = Automatic;
				CURRENT_PROJECT_VERSION = 1;
				DEVELOPMENT_ASSET_PATHS = "\"LearningApp/Preview Content\"";
				DEVELOPMENT_TEAM = LJ3PA933XM;
				ENABLE_PREVIEWS = YES;
				GENERATE_INFOPLIST_FILE = YES;
				INFOPLIST_KEY_UIApplicationSceneManifest_Generation = YES;
				INFOPLIST_KEY_UIApplicationSupportsIndirectInputEvents = YES;
				INFOPLIST_KEY_UILaunchScreen_Generation = YES;
				INFOPLIST_KEY_UISupportedInterfaceOrientations_iPad = "UIInterfaceOrientationPortrait UIInterfaceOrientationPortraitUpsideDown UIInterfaceOrientationLandscapeLeft UIInterfaceOrientationLandscapeRight";
				INFOPLIST_KEY_UISupportedInterfaceOrientations_iPhone = "UIInterfaceOrientationPortrait UIInterfaceOrientationLandscapeLeft UIInterfaceOrientationLandscapeRight";
				IPHONEOS_DEPLOYMENT_TARGET = 14.0;
				LD_RUNPATH_SEARCH_PATHS = (
					"$(inherited)",
					"@executable_path/Frameworks",
				);
				MARKETING_VERSION = 1.0;
				PRODUCT_BUNDLE_IDENTIFIER = com.lawrencearcher.LearningApp;
				PRODUCT_NAME = "$(TARGET_NAME)";
				SWIFT_EMIT_LOC_STRINGS = YES;
				SWIFT_VERSION = 5.0;
				TARGETED_DEVICE_FAMILY = "1,2";
			};
			name = Release;
		};
/* End XCBuildConfiguration section */

/* Begin XCConfigurationList section */
		EA22E6982703000B003DD427 /* Build configuration list for PBXProject "LearningApp" */ = {
			isa = XCConfigurationList;
			buildConfigurations = (
				EA22E6A92703000F003DD427 /* Debug */,
				EA22E6AA2703000F003DD427 /* Release */,
			);
			defaultConfigurationIsVisible = 0;
			defaultConfigurationName = Release;
		};
		EA22E6AB2703000F003DD427 /* Build configuration list for PBXNativeTarget "LearningApp" */ = {
			isa = XCConfigurationList;
			buildConfigurations = (
				EA22E6AC2703000F003DD427 /* Debug */,
				EA22E6AD2703000F003DD427 /* Release */,
			);
			defaultConfigurationIsVisible = 0;
			defaultConfigurationName = Release;
		};
/* End XCConfigurationList section */
	};
	rootObject = EA22E6952703000B003DD427 /* Project object */;
}
